// !$*UTF8*$!
{
	archiveVersion = 1;
	classes = {
	};
	objectVersion = 46;
	objects = {

/* Begin PBXBuildFile section */
		74B9EC251B32A0EB00DB0BA3 /* main.m in Sources */ = {isa = PBXBuildFile; fileRef = 74B9EC241B32A0EB00DB0BA3 /* main.m */; };
		74B9EC281B32A0EB00DB0BA3 /* AppDelegate.m in Sources */ = {isa = PBXBuildFile; fileRef = 74B9EC271B32A0EB00DB0BA3 /* AppDelegate.m */; };
		74B9EC2B1B32A0EB00DB0BA3 /* ViewController.m in Sources */ = {isa = PBXBuildFile; fileRef = 74B9EC2A1B32A0EB00DB0BA3 /* ViewController.m */; };
		74B9EC2E1B32A0EB00DB0BA3 /* Main.storyboard in Resources */ = {isa = PBXBuildFile; fileRef = 74B9EC2C1B32A0EB00DB0BA3 /* Main.storyboard */; };
		74B9EC301B32A0EB00DB0BA3 /* Images.xcassets in Resources */ = {isa = PBXBuildFile; fileRef = 74B9EC2F1B32A0EB00DB0BA3 /* Images.xcassets */; };
		74B9EC331B32A0EB00DB0BA3 /* LaunchScreen.xib in Resources */ = {isa = PBXBuildFile; fileRef = 74B9EC311B32A0EB00DB0BA3 /* LaunchScreen.xib */; };
		74B9EC3F1B32A0EB00DB0BA3 /* TestTests.m in Sources */ = {isa = PBXBuildFile; fileRef = 74B9EC3E1B32A0EB00DB0BA3 /* TestTests.m */; };
/* End PBXBuildFile section */

/* Begin PBXContainerItemProxy section */
		74B9EC391B32A0EB00DB0BA3 /* PBXContainerItemProxy */ = {
			isa = PBXContainerItemProxy;
			containerPortal = 74B9EC171B32A0EB00DB0BA3 /* Project object */;
			proxyType = 1;
			remoteGlobalIDString = 74B9EC1E1B32A0EB00DB0BA3;
			remoteInfo = Test;
		};
/* End PBXContainerItemProxy section */

/* Begin PBXFileReference section */
		74B9EC1F1B32A0EB00DB0BA3 /* Test.app */ = {isa = PBXFileReference; explicitFileType = wrapper.application; includeInIndex = 0; path = Test.app; sourceTree = BUILT_PRODUCTS_DIR; };
		74B9EC231B32A0EB00DB0BA3 /* Info.plist */ = {isa = PBXFileReference; lastKnownFileType = text.plist.xml; path = Info.plist; sourceTree = "<group>"; };
		74B9EC241B32A0EB00DB0BA3 /* main.m */ = {isa = PBXFileReference; lastKnownFileType = sourcecode.c.objc; path = main.m; sourceTree = "<group>"; };
		74B9EC261B32A0EB00DB0BA3 /* AppDelegate.h */ = {isa = PBXFileReference; lastKnownFileType = sourcecode.c.h; path = AppDelegate.h; sourceTree = "<group>"; };
		74B9EC271B32A0EB00DB0BA3 /* AppDelegate.m */ = {isa = PBXFileReference; lastKnownFileType = sourcecode.c.objc; path = AppDelegate.m; sourceTree = "<group>"; };
		74B9EC291B32A0EB00DB0BA3 /* ViewController.h */ = {isa = PBXFileReference; lastKnownFileType = sourcecode.c.h; path = ViewController.h; sourceTree = "<group>"; };
		74B9EC2A1B32A0EB00DB0BA3 /* ViewController.m */ = {isa = PBXFileReference; lastKnownFileType = sourcecode.c.objc; path = ViewController.m; sourceTree = "<group>"; };
		74B9EC2D1B32A0EB00DB0BA3 /* Base */ = {isa = PBXFileReference; lastKnownFileType = file.storyboard; name = Base; path = Base.lproj/Main.storyboard; sourceTree = "<group>"; };
		74B9EC2F1B32A0EB00DB0BA3 /* Images.xcassets */ = {isa = PBXFileReference; lastKnownFileType = folder.assetcatalog; path = Images.xcassets; sourceTree = "<group>"; };
		74B9EC321B32A0EB00DB0BA3 /* Base */ = {isa = PBXFileReference; lastKnownFileType = file.xib; name = Base; path = Base.lproj/LaunchScreen.xib; sourceTree = "<group>"; };
		74B9EC381B32A0EB00DB0BA3 /* TestTests.xctest */ = {isa = PBXFileReference; explicitFileType = wrapper.cfbundle; includeInIndex = 0; path = TestTests.xctest; sourceTree = BUILT_PRODUCTS_DIR; };
		74B9EC3D1B32A0EB00DB0BA3 /* Info.plist */ = {isa = PBXFileReference; lastKnownFileType = text.plist.xml; path = Info.plist; sourceTree = "<group>"; };
		74B9EC3E1B32A0EB00DB0BA3 /* TestTests.m */ = {isa = PBXFileReference; lastKnownFileType = sourcecode.c.objc; path = TestTests.m; sourceTree = "<group>"; };
/* End PBXFileReference section */

/* Begin PBXFrameworksBuildPhase section */
		74B9EC1C1B32A0EB00DB0BA3 /* Frameworks */ = {
			isa = PBXFrameworksBuildPhase;
			buildActionMask = 2147483647;
			files = (
			);
			runOnlyForDeploymentPostprocessing = 0;
		};
		74B9EC351B32A0EB00DB0BA3 /* Frameworks */ = {
			isa = PBXFrameworksBuildPhase;
			buildActionMask = 2147483647;
			files = (
			);
			runOnlyForDeploymentPostprocessing = 0;
		};
/* End PBXFrameworksBuildPhase section */

/* Begin PBXGroup section */
		74B9EC161B32A0EB00DB0BA3 = {
			isa = PBXGroup;
			children = (
				74B9EC211B32A0EB00DB0BA3 /* Test */,
				74B9EC3B1B32A0EB00DB0BA3 /* TestTests */,
				74B9EC201B32A0EB00DB0BA3 /* Products */,
			);
			sourceTree = "<group>";
		};
		74B9EC201B32A0EB00DB0BA3 /* Products */ = {
			isa = PBXGroup;
			children = (
				74B9EC1F1B32A0EB00DB0BA3 /* Test.app */,
				74B9EC381B32A0EB00DB0BA3 /* TestTests.xctest */,
			);
			name = Products;
			sourceTree = "<group>";
		};
		74B9EC211B32A0EB00DB0BA3 /* Test */ = {
			isa = PBXGroup;
			children = (
				74B9EC261B32A0EB00DB0BA3 /* AppDelegate.h */,
				74B9EC271B32A0EB00DB0BA3 /* AppDelegate.m */,
				74B9EC291B32A0EB00DB0BA3 /* ViewController.h */,
				74B9EC2A1B32A0EB00DB0BA3 /* ViewController.m */,
				74B9EC2C1B32A0EB00DB0BA3 /* Main.storyboard */,
				74B9EC2F1B32A0EB00DB0BA3 /* Images.xcassets */,
				74B9EC311B32A0EB00DB0BA3 /* LaunchScreen.xib */,
				74B9EC221B32A0EB00DB0BA3 /* Supporting Files */,
			);
			path = Test;
			sourceTree = "<group>";
		};
		74B9EC221B32A0EB00DB0BA3 /* Supporting Files */ = {
			isa = PBXGroup;
			children = (
				74B9EC231B32A0EB00DB0BA3 /* Info.plist */,
				74B9EC241B32A0EB00DB0BA3 /* main.m */,
			);
			name = "Supporting Files";
			sourceTree = "<group>";
		};
		74B9EC3B1B32A0EB00DB0BA3 /* TestTests */ = {
			isa = PBXGroup;
			children = (
				74B9EC3E1B32A0EB00DB0BA3 /* TestTests.m */,
				74B9EC3C1B32A0EB00DB0BA3 /* Supporting Files */,
			);
			path = TestTests;
			sourceTree = "<group>";
		};
		74B9EC3C1B32A0EB00DB0BA3 /* Supporting Files */ = {
			isa = PBXGroup;
			children = (
				74B9EC3D1B32A0EB00DB0BA3 /* Info.plist */,
			);
			name = "Supporting Files";
			sourceTree = "<group>";
		};
/* End PBXGroup section */

/* Begin PBXNativeTarget section */
		74B9EC1E1B32A0EB00DB0BA3 /* Test */ = {
			isa = PBXNativeTarget;
			buildConfigurationList = 74B9EC421B32A0EB00DB0BA3 /* Build configuration list for PBXNativeTarget "Test" */;
			buildPhases = (
				74B9EC1B1B32A0EB00DB0BA3 /* Sources */,
				74B9EC1C1B32A0EB00DB0BA3 /* Frameworks */,
				74B9EC1D1B32A0EB00DB0BA3 /* Resources */,
			);
			buildRules = (
			);
			dependencies = (
			);
			name = Test;
			productName = Test;
			productReference = 74B9EC1F1B32A0EB00DB0BA3 /* Test.app */;
			productType = "com.apple.product-type.application";
		};
		74B9EC371B32A0EB00DB0BA3 /* TestTests */ = {
			isa = PBXNativeTarget;
			buildConfigurationList = 74B9EC451B32A0EB00DB0BA3 /* Build configuration list for PBXNativeTarget "TestTests" */;
			buildPhases = (
				74B9EC341B32A0EB00DB0BA3 /* Sources */,
				74B9EC351B32A0EB00DB0BA3 /* Frameworks */,
				74B9EC361B32A0EB00DB0BA3 /* Resources */,
			);
			buildRules = (
			);
			dependencies = (
				74B9EC3A1B32A0EB00DB0BA3 /* PBXTargetDependency */,
			);
			name = TestTests;
			productName = TestTests;
			productReference = 74B9EC381B32A0EB00DB0BA3 /* TestTests.xctest */;
			productType = "com.apple.product-type.bundle.unit-test";
		};
/* End PBXNativeTarget section */

/* Begin PBXProject section */
		74B9EC171B32A0EB00DB0BA3 /* Project object */ = {
			isa = PBXProject;
			attributes = {
				LastUpgradeCheck = 0630;
				ORGANIZATIONNAME = com.fengche.cn;
				TargetAttributes = {
					74B9EC1E1B32A0EB00DB0BA3 = {
						CreatedOnToolsVersion = 6.3.2;
					};
					74B9EC371B32A0EB00DB0BA3 = {
						CreatedOnToolsVersion = 6.3.2;
						TestTargetID = 74B9EC1E1B32A0EB00DB0BA3;
					};
				};
			};
			buildConfigurationList = 74B9EC1A1B32A0EB00DB0BA3 /* Build configuration list for PBXProject "Test" */;
			compatibilityVersion = "Xcode 3.2";
			developmentRegion = English;
			hasScannedForEncodings = 0;
			knownRegions = (
				en,
				Base,
			);
			mainGroup = 74B9EC161B32A0EB00DB0BA3;
			productRefGroup = 74B9EC201B32A0EB00DB0BA3 /* Products */;
			projectDirPath = "";
			projectRoot = "";
			targets = (
				74B9EC1E1B32A0EB00DB0BA3 /* Test */,
				74B9EC371B32A0EB00DB0BA3 /* TestTests */,
			);
		};
/* End PBXProject section */

/* Begin PBXResourcesBuildPhase section */
		74B9EC1D1B32A0EB00DB0BA3 /* Resources */ = {
			isa = PBXResourcesBuildPhase;
			buildActionMask = 2147483647;
			files = (
				74B9EC2E1B32A0EB00DB0BA3 /* Main.storyboard in Resources */,
				74B9EC331B32A0EB00DB0BA3 /* LaunchScreen.xib in Resources */,
				74B9EC301B32A0EB00DB0BA3 /* Images.xcassets in Resources */,
			);
			runOnlyForDeploymentPostprocessing = 0;
		};
		74B9EC361B32A0EB00DB0BA3 /* Resources */ = {
			isa = PBXResourcesBuildPhase;
			buildActionMask = 2147483647;
			files = (
			);
			runOnlyForDeploymentPostprocessing = 0;
		};
/* End PBXResourcesBuildPhase section */

/* Begin PBXSourcesBuildPhase section */
		74B9EC1B1B32A0EB00DB0BA3 /* Sources */ = {
			isa = PBXSourcesBuildPhase;
			buildActionMask = 2147483647;
			files = (
				74B9EC2B1B32A0EB00DB0BA3 /* ViewController.m in Sources */,
				74B9EC281B32A0EB00DB0BA3 /* AppDelegate.m in Sources */,
				74B9EC251B32A0EB00DB0BA3 /* main.m in Sources */,
			);
			runOnlyForDeploymentPostprocessing = 0;
		};
		74B9EC341B32A0EB00DB0BA3 /* Sources */ = {
			isa = PBXSourcesBuildPhase;
			buildActionMask = 2147483647;
			files = (
				74B9EC3F1B32A0EB00DB0BA3 /* TestTests.m in Sources */,
			);
			runOnlyForDeploymentPostprocessing = 0;
		};
/* End PBXSourcesBuildPhase section */

/* Begin PBXTargetDependency section */
		74B9EC3A1B32A0EB00DB0BA3 /* PBXTargetDependency */ = {
			isa = PBXTargetDependency;
			target = 74B9EC1E1B32A0EB00DB0BA3 /* Test */;
			targetProxy = 74B9EC391B32A0EB00DB0BA3 /* PBXContainerItemProxy */;
		};
/* End PBXTargetDependency section */

/* Begin PBXVariantGroup section */
		74B9EC2C1B32A0EB00DB0BA3 /* Main.storyboard */ = {
			isa = PBXVariantGroup;
			children = (
				74B9EC2D1B32A0EB00DB0BA3 /* Base */,
			);
			name = Main.storyboard;
			sourceTree = "<group>";
		};
		74B9EC311B32A0EB00DB0BA3 /* LaunchScreen.xib */ = {
			isa = PBXVariantGroup;
			children = (
				74B9EC321B32A0EB00DB0BA3 /* Base */,
			);
			name = LaunchScreen.xib;
			sourceTree = "<group>";
		};
/* End PBXVariantGroup section */

/* Begin XCBuildConfiguration section */
		74B9EC401B32A0EB00DB0BA3 /* Debug */ = {
			isa = XCBuildConfiguration;
			buildSettings = {
				ALWAYS_SEARCH_USER_PATHS = NO;
				CLANG_CXX_LANGUAGE_STANDARD = "gnu++0x";
				CLANG_CXX_LIBRARY = "libc++";
				CLANG_ENABLE_MODULES = YES;
				CLANG_ENABLE_OBJC_ARC = YES;
				CLANG_WARN_BOOL_CONVERSION = YES;
				CLANG_WARN_CONSTANT_CONVERSION = YES;
				CLANG_WARN_DIRECT_OBJC_ISA_USAGE = YES_ERROR;
				CLANG_WARN_EMPTY_BODY = YES;
				CLANG_WARN_ENUM_CONVERSION = YES;
				CLANG_WARN_INT_CONVERSION = YES;
				CLANG_WARN_OBJC_ROOT_CLASS = YES_ERROR;
				CLANG_WARN_UNREACHABLE_CODE = YES;
				CLANG_WARN__DUPLICATE_METHOD_MATCH = YES;
				"CODE_SIGN_IDENTITY[sdk=iphoneos*]" = "iPhone Developer";
				COPY_PHASE_STRIP = NO;
				DEBUG_INFORMATION_FORMAT = "dwarf-with-dsym";
				ENABLE_STRICT_OBJC_MSGSEND = YES;
				GCC_C_LANGUAGE_STANDARD = gnu99;
				GCC_DYNAMIC_NO_PIC = NO;
				GCC_NO_COMMON_BLOCKS = YES;
				GCC_OPTIMIZATION_LEVEL = 0;
				GCC_PREPROCESSOR_DEFINITIONS = (
					"DEBUG=1",
					"$(inherited)",
				);
				GCC_SYMBOLS_PRIVATE_EXTERN = NO;
				GCC_WARN_64_TO_32_BIT_CONVERSION = YES;
				GCC_WARN_ABOUT_RETURN_TYPE = YES_ERROR;
				GCC_WARN_UNDECLARED_SELECTOR = YES;
				GCC_WARN_UNINITIALIZED_AUTOS = YES_AGGRESSIVE;
				GCC_WARN_UNUSED_FUNCTION = YES;
				GCC_WARN_UNUSED_VARIABLE = YES;
				IPHONEOS_DEPLOYMENT_TARGET = 8.3;
				MTL_ENABLE_DEBUG_INFO = YES;
				ONLY_ACTIVE_ARCH = YES;
				SDKROOT = iphoneos;
			};
			name = Debug;
		};
		74B9EC411B32A0EB00DB0BA3 /* Release */ = {
			isa = XCBuildConfiguration;
			buildSettings = {
				ALWAYS_SEARCH_USER_PATHS = NO;
				CLANG_CXX_LANGUAGE_STANDARD = "gnu++0x";
				CLANG_CXX_LIBRARY = "libc++";
				CLANG_ENABLE_MODULES = YES;
				CLANG_ENABLE_OBJC_ARC = YES;
				CLANG_WARN_BOOL_CONVERSION = YES;
				CLANG_WARN_CONSTANT_CONVERSION = YES;
				CLANG_WARN_DIRECT_OBJC_ISA_USAGE = YES_ERROR;
				CLANG_WARN_EMPTY_BODY = YES;
				CLANG_WARN_ENUM_CONVERSION = YES;
				CLANG_WARN_INT_CONVERSION = YES;
				CLANG_WARN_OBJC_ROOT_CLASS = YES_ERROR;
				CLANG_WARN_UNREACHABLE_CODE = YES;
				CLANG_WARN__DUPLICATE_METHOD_MATCH = YES;
				"CODE_SIGN_IDENTITY[sdk=iphoneos*]" = "iPhone Developer";
				COPY_PHASE_STRIP = NO;
				DEBUG_INFORMATION_FORMAT = "dwarf-with-dsym";
				ENABLE_NS_ASSERTIONS = NO;
				ENABLE_STRICT_OBJC_MSGSEND = YES;
				GCC_C_LANGUAGE_STANDARD = gnu99;
				GCC_NO_COMMON_BLOCKS = YES;
				GCC_WARN_64_TO_32_BIT_CONVERSION = YES;
				GCC_WARN_ABOUT_RETURN_TYPE = YES_ERROR;
				GCC_WARN_UNDECLARED_SELECTOR = YES;
				GCC_WARN_UNINITIALIZED_AUTOS = YES_AGGRESSIVE;
				GCC_WARN_UNUSED_FUNCTION = YES;
				GCC_WARN_UNUSED_VARIABLE = YES;
				IPHONEOS_DEPLOYMENT_TARGET = 8.3;
				MTL_ENABLE_DEBUG_INFO = NO;
				SDKROOT = iphoneos;
				VALIDATE_PRODUCT = YES;
			};
			name = Release;
		};
		74B9EC431B32A0EB00DB0BA3 /* Debug */ = {
			isa = XCBuildConfiguration;
			buildSettings = {
				ASSETCATALOG_COMPILER_APPICON_NAME = AppIcon;
				INFOPLIST_FILE = Test/Info.plist;
				LD_RUNPATH_SEARCH_PATHS = "$(inherited) @executable_path/Frameworks";
				PRODUCT_NAME = "$(TARGET_NAME)";
			};
			name = Debug;
		};
		74B9EC441B32A0EB00DB0BA3 /* Release */ = {
			isa = XCBuildConfiguration;
			buildSettings = {
				ASSETCATALOG_COMPILER_APPICON_NAME = AppIcon;
				INFOPLIST_FILE = Test/Info.plist;
				LD_RUNPATH_SEARCH_PATHS = "$(inherited) @executable_path/Frameworks";
				PRODUCT_NAME = "$(TARGET_NAME)";
			};
			name = Release;
		};
		74B9EC461B32A0EB00DB0BA3 /* Debug */ = {
			isa = XCBuildConfiguration;
			buildSettings = {
				BUNDLE_LOADER = "$(TEST_HOST)";
				FRAMEWORK_SEARCH_PATHS = (
					"$(SDKROOT)/Developer/Library/Frameworks",
					"$(inherited)",
				);
				GCC_PREPROCESSOR_DEFINITIONS = (
					"DEBUG=1",
					"$(inherited)",
				);
				INFOPLIST_FILE = TestTests/Info.plist;
				LD_RUNPATH_SEARCH_PATHS = "$(inherited) @executable_path/Frameworks @loader_path/Frameworks";
				PRODUCT_NAME = "$(TARGET_NAME)";
				TEST_HOST = "$(BUILT_PRODUCTS_DIR)/Test.app/Test";
			};
			name = Debug;
		};
		74B9EC471B32A0EB00DB0BA3 /* Release */ = {
			isa = XCBuildConfiguration;
			buildSettings = {
				BUNDLE_LOADER = "$(TEST_HOST)";
				FRAMEWORK_SEARCH_PATHS = (
					"$(SDKROOT)/Developer/Library/Frameworks",
					"$(inherited)",
				);
				INFOPLIST_FILE = TestTests/Info.plist;
				LD_RUNPATH_SEARCH_PATHS = "$(inherited) @executable_path/Frameworks @loader_path/Frameworks";
				PRODUCT_NAME = "$(TARGET_NAME)";
				TEST_HOST = "$(BUILT_PRODUCTS_DIR)/Test.app/Test";
			};
			name = Release;
		};
/* End XCBuildConfiguration section */

/* Begin XCConfigurationList section */
		74B9EC1A1B32A0EB00DB0BA3 /* Build configuration list for PBXProject "Test" */ = {
			isa = XCConfigurationList;
			buildConfigurations = (
				74B9EC401B32A0EB00DB0BA3 /* Debug */,
				74B9EC411B32A0EB00DB0BA3 /* Release */,
			);
			defaultConfigurationIsVisible = 0;
			defaultConfigurationName = Release;
		};
		74B9EC421B32A0EB00DB0BA3 /* Build configuration list for PBXNativeTarget "Test" */ = {
			isa = XCConfigurationList;
			buildConfigurations = (
				74B9EC431B32A0EB00DB0BA3 /* Debug */,
				74B9EC441B32A0EB00DB0BA3 /* Release */,
			);
			defaultConfigurationIsVisible = 0;
		};
		74B9EC451B32A0EB00DB0BA3 /* Build configuration list for PBXNativeTarget "TestTests" */ = {
			isa = XCConfigurationList;
			buildConfigurations = (
				74B9EC461B32A0EB00DB0BA3 /* Debug */,
				74B9EC471B32A0EB00DB0BA3 /* Release */,
			);
			defaultConfigurationIsVisible = 0;
		};
/* End XCConfigurationList section */
	};
	rootObject = 74B9EC171B32A0EB00DB0BA3 /* Project object */;
}
